<?xml version="1.0" encoding="utf-8"?>
<Project ToolsVersion="4.0" xmlns="http://schemas.microsoft.com/developer/msbuild/2003">
  <ItemGroup>
    <Filter Include="Form Files">
      <UniqueIdentifier>{99349809-55BA-4b9d-BF79-8FDBB0286EB3}</UniqueIdentifier>
      <Extensions>ui</Extensions>
      <ParseFiles>false</ParseFiles>
    </Filter>
    <Filter Include="Form Files">
      <UniqueIdentifier>{99349809-55BA-4b9d-BF79-8FDBB0286EB3}</UniqueIdentifier>
      <Extensions>ui</Extensions>
      <ParseFiles>false</ParseFiles>
    </Filter>
    <Filter Include="Generated Files">
      <UniqueIdentifier>{71ED8ED8-ACB9-4CE9-BBE1-E00B30144E11}</UniqueIdentifier>
      <Extensions>cpp;c;cxx;moc;h;def;odl;idl;res;</Extensions>
    </Filter>
    <Filter Include="Generated Files">
      <UniqueIdentifier>{71ED8ED8-ACB9-4CE9-BBE1-E00B30144E11}</UniqueIdentifier>
      <Extensions>cpp;c;cxx;moc;h;def;odl;idl;res;</Extensions>
    </Filter>
    <Filter Include="Header Files">
      <UniqueIdentifier>{93995380-89BD-4b04-88EB-625FBE52EBFB}</UniqueIdentifier>
      <Extensions>h;hpp;hxx;hm;inl;inc;xsd</Extensions>
    </Filter>
    <Filter Include="Header Files">
      <UniqueIdentifier>{93995380-89BD-4b04-88EB-625FBE52EBFB}</UniqueIdentifier>
      <Extensions>h;hpp;hxx;hm;inl;inc;xsd</Extensions>
    </Filter>
    <Filter Include="Resource Files">
      <UniqueIdentifier>{D9D6E242-F8AF-46E4-B9FD-80ECBC20BA3E}</UniqueIdentifier>
      <Extensions>qrc;*</Extensions>
      <ParseFiles>false</ParseFiles>
    </Filter>
    <Filter Include="Resource Files">
      <UniqueIdentifier>{D9D6E242-F8AF-46E4-B9FD-80ECBC20BA3E}</UniqueIdentifier>
      <Extensions>qrc;*</Extensions>
      <ParseFiles>false</ParseFiles>
    </Filter>
    <Filter Include="Source Files">
      <UniqueIdentifier>{4FC737F1-C7A5-4376-A066-2A32D752A2FF}</UniqueIdentifier>
      <Extensions>cpp;c;cxx;def;odl;idl;hpj;bat;asm;asmx</Extensions>
    </Filter>
    <Filter Include="Source Files">
      <UniqueIdentifier>{4FC737F1-C7A5-4376-A066-2A32D752A2FF}</UniqueIdentifier>
      <Extensions>cpp;c;cxx;def;odl;idl;hpj;bat;asm;asmx</Extensions>
    </Filter>
    <Filter Include="Distribution Files">
      <UniqueIdentifier>{B83CAF91-C7BF-462F-B76C-EA11631F866C}</UniqueIdentifier>
      <Extensions>*</Extensions>
      <ParseFiles>false</ParseFiles>
    </Filter>
    <Filter Include="Distribution Files">
      <UniqueIdentifier>{B83CAF91-C7BF-462F-B76C-EA11631F866C}</UniqueIdentifier>
      <Extensions>*</Extensions>
      <ParseFiles>false</ParseFiles>
    </Filter>
    <Filter Include="Generated Files\Debug">
      <UniqueIdentifier>{8836b523-0bf6-4ce6-a627-eaf090bedffd}</UniqueIdentifier>
      <Extensions>cpp;moc</Extensions>
      <SourceControlFiles>False</SourceControlFiles>
    </Filter>
    <Filter Include="Generated Files\Release">
      <UniqueIdentifier>{63d6bb3a-82eb-4ddf-840f-a448c8d415c5}</UniqueIdentifier>
      <Extensions>cpp;moc</Extensions>
      <SourceControlFiles>False</SourceControlFiles>
    </Filter>
    <Filter Include="Scintilla">
      <UniqueIdentifier>{e575b85b-845a-4a94-a1d7-239711af231d}</UniqueIdentifier>
    </Filter>
    <Filter Include="QPinyin">
      <UniqueIdentifier>{e60019cc-52e1-4f84-9f39-36adb84ed2fd}</UniqueIdentifier>
    </Filter>
    <Filter Include="QFuzzyMatcher">
      <UniqueIdentifier>{07e335b2-cb4f-400d-9080-38d551bc157d}</UniqueIdentifier>
    </Filter>
    <Filter Include="Debugger">
      <UniqueIdentifier>{c2546e03-452f-4612-ada4-73d1e20975c4}</UniqueIdentifier>
    </Filter>
    <Filter Include="Bagel">
      <UniqueIdentifier>{3c475f1f-51bc-4ed3-8ddd-1328b692ce0e}</UniqueIdentifier>
    </Filter>
    <Filter Include="lz4">
      <UniqueIdentifier>{afb24704-59ef-405f-a510-5b467e7309f2}</UniqueIdentifier>
    </Filter>
  </ItemGroup>
  <ItemGroup>
    <ClCompile Include="BKEscintilla\lexers\BKE_Lexer.cpp">
      <Filter>Source Files</Filter>
    </ClCompile>
    <ClCompile Include="BKS_info.cpp">
      <Filter>Source Files</Filter>
    </ClCompile>
    <ClCompile Include="ParserHelper\ParserHelper.cpp">
      <Filter>Source Files</Filter>
    </ClCompile>
    <ClCompile Include="dia\Setoptiondia.cpp">
      <Filter>Source Files</Filter>
    </ClCompile>
    <ClCompile Include="dia\WaitWindow.cpp">
      <Filter>Source Files</Filter>
    </ClCompile>
    <ClCompile Include="bkeSci\bkecompile.cpp">
      <Filter>Source Files</Filter>
    </ClCompile>
    <ClCompile Include="dia\bkeconfigdialog.cpp">
      <Filter>Source Files</Filter>
    </ClCompile>
    <ClCompile Include="dia\bkeleftfilewidget.cpp">
      <Filter>Source Files</Filter>
    </ClCompile>
    <ClCompile Include="bkeSci\bkemarks.cpp">
      <Filter>Source Files</Filter>
    </ClCompile>
    <ClCompile Include="bkeproject.cpp">
      <Filter>Source Files</Filter>
    </ClCompile>
    <ClCompile Include="bkeprojectconfig.cpp">
      <Filter>Source Files</Filter>
    </ClCompile>
    <ClCompile Include="bkeSci\bkescintilla.cpp">
      <Filter>Source Files</Filter>
    </ClCompile>
    <ClCompile Include="dia\cconfigdia.cpp">
      <Filter>Source Files</Filter>
    </ClCompile>
    <ClCompile Include="dia\cdiroption.cpp">
      <Filter>Source Files</Filter>
    </ClCompile>
    <ClCompile Include="codewindow.cpp">
      <Filter>Source Files</Filter>
    </ClCompile>
    <ClCompile Include="dia\cskinoption.cpp">
      <Filter>Source Files</Filter>
    </ClCompile>
    <ClCompile Include="dia\ctextedit.cpp">
      <Filter>Source Files</Filter>
    </ClCompile>
    <ClCompile Include="function.cpp">
      <Filter>Source Files</Filter>
    </ClCompile>
    <ClCompile Include="dia\lablesuredialog.cpp">
      <Filter>Source Files</Filter>
    </ClCompile>
    <ClCompile Include="loli\loli_island.cpp">
      <Filter>Source Files</Filter>
    </ClCompile>
    <ClCompile Include="main.cpp">
      <Filter>Source Files</Filter>
    </ClCompile>
    <ClCompile Include="mainwindow.cpp">
      <Filter>Source Files</Filter>
    </ClCompile>
    <ClCompile Include="dia\newprodia.cpp">
      <Filter>Source Files</Filter>
    </ClCompile>
    <ClCompile Include="otherbasicwin.cpp">
      <Filter>Source Files</Filter>
    </ClCompile>
    <ClCompile Include="otherwindow.cpp">
      <Filter>Source Files</Filter>
    </ClCompile>
    <ClCompile Include="projectwindow.cpp">
      <Filter>Source Files</Filter>
    </ClCompile>
    <ClCompile Include="BKEscintilla\Qt4Qt5\qsciabstractapis.cpp">
      <Filter>Source Files</Filter>
    </ClCompile>
    <ClCompile Include="BKEscintilla\Qt4Qt5\qsciapis.cpp">
      <Filter>Source Files</Filter>
    </ClCompile>
    <ClCompile Include="BKEscintilla\Qt4Qt5\qscicommand.cpp">
      <Filter>Source Files</Filter>
    </ClCompile>
    <ClCompile Include="BKEscintilla\Qt4Qt5\qscicommandset.cpp">
      <Filter>Source Files</Filter>
    </ClCompile>
    <ClCompile Include="BKEscintilla\Qt4Qt5\qscidocument.cpp">
      <Filter>Source Files</Filter>
    </ClCompile>
    <ClCompile Include="BKEscintilla\Qt4Qt5\qscilexer.cpp">
      <Filter>Source Files</Filter>
    </ClCompile>
    <ClCompile Include="bkeSci\qscilexerbkescript.cpp">
      <Filter>Source Files</Filter>
    </ClCompile>
    <ClCompile Include="BKEscintilla\Qt4Qt5\qscimacro.cpp">
      <Filter>Source Files</Filter>
    </ClCompile>
    <ClCompile Include="BKEscintilla\Qt4Qt5\qsciscintilla.cpp">
      <Filter>Source Files</Filter>
    </ClCompile>
    <ClCompile Include="BKEscintilla\Qt4Qt5\qsciscintillabase.cpp">
      <Filter>Source Files</Filter>
    </ClCompile>
    <ClCompile Include="BKEscintilla\Qt4Qt5\qscistyle.cpp">
      <Filter>Source Files</Filter>
    </ClCompile>
    <ClCompile Include="BKEscintilla\Qt4Qt5\qscistyledtext.cpp">
      <Filter>Source Files</Filter>
    </ClCompile>
    <ClCompile Include="dia\qsearchlineedit.cpp">
      <Filter>Source Files</Filter>
    </ClCompile>
    <ClCompile Include="dia\searchbox.cpp">
      <Filter>Source Files</Filter>
    </ClCompile>
    <ClCompile Include="topbarwindow.cpp">
      <Filter>Source Files</Filter>
    </ClCompile>
    <ClCompile Include="dia\versioninfo.cpp">
      <Filter>Source Files</Filter>
    </ClCompile>
    <ClCompile Include="paper\wordsupport.cpp">
      <Filter>Source Files</Filter>
    </ClCompile>
    <ClCompile Include="dia\LangOpt.cpp">
      <Filter>Source Files</Filter>
    </ClCompile>
    <ClCompile Include="dia\GameProperty.cpp">
      <Filter>Source Files</Filter>
    </ClCompile>
    <ClCompile Include="dia\doubleinput.cpp">
      <Filter>Source Files</Filter>
    </ClCompile>
    <ClCompile Include="BG_Analysis.cpp">
      <Filter>Source Files</Filter>
    </ClCompile>
    <ClCompile Include="ParseData.cpp">
      <Filter>Source Files</Filter>
    </ClCompile>
    <ClCompile Include="dia\ParserEditor.cpp">
      <Filter>Source Files</Filter>
    </ClCompile>
    <ClCompile Include="dia\ParserEditorTreeModel.cpp">
      <Filter>Source Files</Filter>
    </ClCompile>
    <ClCompile Include="dia\ParserEditorTreeItem.cpp">
      <Filter>Source Files</Filter>
    </ClCompile>
    <ClCompile Include="Debug\moc_BG_Analysis.cpp">
      <Filter>Generated Files\Debug</Filter>
    </ClCompile>
    <ClCompile Include="Release\moc_BG_Analysis.cpp">
      <Filter>Generated Files\Release</Filter>
    </ClCompile>
    <ClCompile Include="Debug\moc_LangOpt.cpp">
      <Filter>Generated Files\Debug</Filter>
    </ClCompile>
    <ClCompile Include="Release\moc_LangOpt.cpp">
      <Filter>Generated Files\Release</Filter>
    </ClCompile>
    <ClCompile Include="Debug\moc_GameProperty.cpp">
      <Filter>Generated Files\Debug</Filter>
    </ClCompile>
    <ClCompile Include="Release\moc_GameProperty.cpp">
      <Filter>Generated Files\Release</Filter>
    </ClCompile>
    <ClCompile Include="Debug\moc_doubleinput.cpp">
      <Filter>Generated Files\Debug</Filter>
    </ClCompile>
    <ClCompile Include="Release\moc_doubleinput.cpp">
      <Filter>Generated Files\Release</Filter>
    </ClCompile>
    <ClCompile Include="Debug\moc_ParserEditor.cpp">
      <Filter>Generated Files\Debug</Filter>
    </ClCompile>
    <ClCompile Include="Release\moc_ParserEditor.cpp">
      <Filter>Generated Files\Release</Filter>
    </ClCompile>
    <ClCompile Include="Debug\moc_ParserEditorTreeModel.cpp">
      <Filter>Generated Files\Debug</Filter>
    </ClCompile>
    <ClCompile Include="Release\moc_ParserEditorTreeModel.cpp">
      <Filter>Generated Files\Release</Filter>
    </ClCompile>
    <ClCompile Include="Debug\moc_SciClasses.cpp">
      <Filter>Generated Files\Debug</Filter>
    </ClCompile>
    <ClCompile Include="Release\moc_SciClasses.cpp">
      <Filter>Generated Files\Release</Filter>
    </ClCompile>
    <ClCompile Include="Debug\moc_ScintillaQt.cpp">
      <Filter>Generated Files\Debug</Filter>
    </ClCompile>
    <ClCompile Include="Release\moc_ScintillaQt.cpp">
      <Filter>Generated Files\Release</Filter>
    </ClCompile>
    <ClCompile Include="Debug\moc_Setoptiondia.cpp">
      <Filter>Generated Files\Debug</Filter>
    </ClCompile>
    <ClCompile Include="Release\moc_Setoptiondia.cpp">
      <Filter>Generated Files\Release</Filter>
    </ClCompile>
    <ClCompile Include="Debug\moc_WaitWindow.cpp">
      <Filter>Generated Files\Debug</Filter>
    </ClCompile>
    <ClCompile Include="Release\moc_WaitWindow.cpp">
      <Filter>Generated Files\Release</Filter>
    </ClCompile>
    <ClCompile Include="Debug\moc_bkecompile.cpp">
      <Filter>Generated Files\Debug</Filter>
    </ClCompile>
    <ClCompile Include="Release\moc_bkecompile.cpp">
      <Filter>Generated Files\Release</Filter>
    </ClCompile>
    <ClCompile Include="Debug\moc_bkeconfigdialog.cpp">
      <Filter>Generated Files\Debug</Filter>
    </ClCompile>
    <ClCompile Include="Release\moc_bkeconfigdialog.cpp">
      <Filter>Generated Files\Release</Filter>
    </ClCompile>
    <ClCompile Include="Debug\moc_bkeleftfilewidget.cpp">
      <Filter>Generated Files\Debug</Filter>
    </ClCompile>
    <ClCompile Include="Release\moc_bkeleftfilewidget.cpp">
      <Filter>Generated Files\Release</Filter>
    </ClCompile>
    <ClCompile Include="Debug\moc_bkeprojectconfig.cpp">
      <Filter>Generated Files\Debug</Filter>
    </ClCompile>
    <ClCompile Include="Release\moc_bkeprojectconfig.cpp">
      <Filter>Generated Files\Release</Filter>
    </ClCompile>
    <ClCompile Include="Debug\moc_bkescintilla.cpp">
      <Filter>Generated Files\Debug</Filter>
    </ClCompile>
    <ClCompile Include="Release\moc_bkescintilla.cpp">
      <Filter>Generated Files\Release</Filter>
    </ClCompile>
    <ClCompile Include="Debug\moc_cconfigdia.cpp">
      <Filter>Generated Files\Debug</Filter>
    </ClCompile>
    <ClCompile Include="Release\moc_cconfigdia.cpp">
      <Filter>Generated Files\Release</Filter>
    </ClCompile>
    <ClCompile Include="Debug\moc_cdiroption.cpp">
      <Filter>Generated Files\Debug</Filter>
    </ClCompile>
    <ClCompile Include="Release\moc_cdiroption.cpp">
      <Filter>Generated Files\Release</Filter>
    </ClCompile>
    <ClCompile Include="Debug\moc_codewindow.cpp">
      <Filter>Generated Files\Debug</Filter>
    </ClCompile>
    <ClCompile Include="Release\moc_codewindow.cpp">
      <Filter>Generated Files\Release</Filter>
    </ClCompile>
    <ClCompile Include="Debug\moc_cskinoption.cpp">
      <Filter>Generated Files\Debug</Filter>
    </ClCompile>
    <ClCompile Include="Release\moc_cskinoption.cpp">
      <Filter>Generated Files\Release</Filter>
    </ClCompile>
    <ClCompile Include="Debug\moc_ctextedit.cpp">
      <Filter>Generated Files\Debug</Filter>
    </ClCompile>
    <ClCompile Include="Release\moc_ctextedit.cpp">
      <Filter>Generated Files\Release</Filter>
    </ClCompile>
    <ClCompile Include="Debug\moc_lablesuredialog.cpp">
      <Filter>Generated Files\Debug</Filter>
    </ClCompile>
    <ClCompile Include="Release\moc_lablesuredialog.cpp">
      <Filter>Generated Files\Release</Filter>
    </ClCompile>
    <ClCompile Include="Debug\moc_mainwindow.cpp">
      <Filter>Generated Files\Debug</Filter>
    </ClCompile>
    <ClCompile Include="Release\moc_mainwindow.cpp">
      <Filter>Generated Files\Release</Filter>
    </ClCompile>
    <ClCompile Include="Debug\moc_newprodia.cpp">
      <Filter>Generated Files\Debug</Filter>
    </ClCompile>
    <ClCompile Include="Release\moc_newprodia.cpp">
      <Filter>Generated Files\Release</Filter>
    </ClCompile>
    <ClCompile Include="Debug\moc_otherbasicwin.cpp">
      <Filter>Generated Files\Debug</Filter>
    </ClCompile>
    <ClCompile Include="Release\moc_otherbasicwin.cpp">
      <Filter>Generated Files\Release</Filter>
    </ClCompile>
    <ClCompile Include="Debug\moc_otherwindow.cpp">
      <Filter>Generated Files\Debug</Filter>
    </ClCompile>
    <ClCompile Include="Release\moc_otherwindow.cpp">
      <Filter>Generated Files\Release</Filter>
    </ClCompile>
    <ClCompile Include="Debug\moc_projectwindow.cpp">
      <Filter>Generated Files\Debug</Filter>
    </ClCompile>
    <ClCompile Include="Release\moc_projectwindow.cpp">
      <Filter>Generated Files\Release</Filter>
    </ClCompile>
    <ClCompile Include="Debug\moc_qsciabstractapis.cpp">
      <Filter>Generated Files\Debug</Filter>
    </ClCompile>
    <ClCompile Include="Release\moc_qsciabstractapis.cpp">
      <Filter>Generated Files\Release</Filter>
    </ClCompile>
    <ClCompile Include="Debug\moc_qsciapis.cpp">
      <Filter>Generated Files\Debug</Filter>
    </ClCompile>
    <ClCompile Include="Release\moc_qsciapis.cpp">
      <Filter>Generated Files\Release</Filter>
    </ClCompile>
    <ClCompile Include="Debug\moc_qscilexer.cpp">
      <Filter>Generated Files\Debug</Filter>
    </ClCompile>
    <ClCompile Include="Release\moc_qscilexer.cpp">
      <Filter>Generated Files\Release</Filter>
    </ClCompile>
    <ClCompile Include="Debug\moc_qscilexerbkescript.cpp">
      <Filter>Generated Files\Debug</Filter>
    </ClCompile>
    <ClCompile Include="Release\moc_qscilexerbkescript.cpp">
      <Filter>Generated Files\Release</Filter>
    </ClCompile>
    <ClCompile Include="Debug\moc_qscimacro.cpp">
      <Filter>Generated Files\Debug</Filter>
    </ClCompile>
    <ClCompile Include="Release\moc_qscimacro.cpp">
      <Filter>Generated Files\Release</Filter>
    </ClCompile>
    <ClCompile Include="Debug\moc_qsciscintilla.cpp">
      <Filter>Generated Files\Debug</Filter>
    </ClCompile>
    <ClCompile Include="Release\moc_qsciscintilla.cpp">
      <Filter>Generated Files\Release</Filter>
    </ClCompile>
    <ClCompile Include="Debug\moc_qsciscintillabase.cpp">
      <Filter>Generated Files\Debug</Filter>
    </ClCompile>
    <ClCompile Include="Release\moc_qsciscintillabase.cpp">
      <Filter>Generated Files\Release</Filter>
    </ClCompile>
    <ClCompile Include="Debug\moc_qsearchlineedit.cpp">
      <Filter>Generated Files\Debug</Filter>
    </ClCompile>
    <ClCompile Include="Release\moc_qsearchlineedit.cpp">
      <Filter>Generated Files\Release</Filter>
    </ClCompile>
    <ClCompile Include="Debug\moc_searchbox.cpp">
      <Filter>Generated Files\Debug</Filter>
    </ClCompile>
    <ClCompile Include="Release\moc_searchbox.cpp">
      <Filter>Generated Files\Release</Filter>
    </ClCompile>
    <ClCompile Include="Debug\moc_topbarwindow.cpp">
      <Filter>Generated Files\Debug</Filter>
    </ClCompile>
    <ClCompile Include="Release\moc_topbarwindow.cpp">
      <Filter>Generated Files\Release</Filter>
    </ClCompile>
    <ClCompile Include="Debug\moc_versioninfo.cpp">
      <Filter>Generated Files\Debug</Filter>
    </ClCompile>
    <ClCompile Include="Release\moc_versioninfo.cpp">
      <Filter>Generated Files\Release</Filter>
    </ClCompile>
    <ClCompile Include="weh.cpp">
      <Filter>Source Files</Filter>
    </ClCompile>
    <ClCompile Include="BKEscintilla\lexlib\Accessor.cpp">
      <Filter>Scintilla</Filter>
    </ClCompile>
    <ClCompile Include="BKEscintilla\src\AutoComplete.cpp">
      <Filter>Scintilla</Filter>
    </ClCompile>
    <ClCompile Include="BKEscintilla\src\CallTip.cpp">
      <Filter>Scintilla</Filter>
    </ClCompile>
    <ClCompile Include="BKEscintilla\src\CaseConvert.cpp">
      <Filter>Scintilla</Filter>
    </ClCompile>
    <ClCompile Include="BKEscintilla\src\CaseFolder.cpp">
      <Filter>Scintilla</Filter>
    </ClCompile>
    <ClCompile Include="BKEscintilla\src\Catalogue.cpp">
      <Filter>Scintilla</Filter>
    </ClCompile>
    <ClCompile Include="BKEscintilla\src\CellBuffer.cpp">
      <Filter>Scintilla</Filter>
    </ClCompile>
    <ClCompile Include="BKEscintilla\lexlib\CharacterCategory.cpp">
      <Filter>Scintilla</Filter>
    </ClCompile>
    <ClCompile Include="BKEscintilla\lexlib\CharacterSet.cpp">
      <Filter>Scintilla</Filter>
    </ClCompile>
    <ClCompile Include="BKEscintilla\src\CharClassify.cpp">
      <Filter>Scintilla</Filter>
    </ClCompile>
    <ClCompile Include="BKEscintilla\src\ContractionState.cpp">
      <Filter>Scintilla</Filter>
    </ClCompile>
    <ClCompile Include="BKEscintilla\src\Decoration.cpp">
      <Filter>Scintilla</Filter>
    </ClCompile>
    <ClCompile Include="BKEscintilla\src\Document.cpp">
      <Filter>Scintilla</Filter>
    </ClCompile>
    <ClCompile Include="BKEscintilla\src\EditModel.cpp">
      <Filter>Scintilla</Filter>
    </ClCompile>
    <ClCompile Include="BKEscintilla\src\Editor.cpp">
      <Filter>Scintilla</Filter>
    </ClCompile>
    <ClCompile Include="BKEscintilla\src\EditView.cpp">
      <Filter>Scintilla</Filter>
    </ClCompile>
    <ClCompile Include="BKEscintilla\src\ExternalLexer.cpp">
      <Filter>Scintilla</Filter>
    </ClCompile>
    <ClCompile Include="BKEscintilla\src\Indicator.cpp">
      <Filter>Scintilla</Filter>
    </ClCompile>
    <ClCompile Include="BKEscintilla\Qt4Qt5\InputMethod.cpp">
      <Filter>Scintilla</Filter>
    </ClCompile>
    <ClCompile Include="BKEscintilla\src\KeyMap.cpp">
      <Filter>Scintilla</Filter>
    </ClCompile>
    <ClCompile Include="BKEscintilla\lexlib\LexerBase.cpp">
      <Filter>Scintilla</Filter>
    </ClCompile>
    <ClCompile Include="BKEscintilla\lexlib\LexerNoExceptions.cpp">
      <Filter>Scintilla</Filter>
    </ClCompile>
    <ClCompile Include="BKEscintilla\lexlib\LexerModule.cpp">
      <Filter>Scintilla</Filter>
    </ClCompile>
    <ClCompile Include="BKEscintilla\lexlib\LexerSimple.cpp">
      <Filter>Scintilla</Filter>
    </ClCompile>
    <ClCompile Include="BKEscintilla\src\LineMarker.cpp">
      <Filter>Scintilla</Filter>
    </ClCompile>
    <ClCompile Include="BKEscintilla\Qt4Qt5\ListBoxQt.cpp">
      <Filter>Scintilla</Filter>
    </ClCompile>
    <ClCompile Include="BKEscintilla\Qt4Qt5\MacPasteboardMime.cpp">
      <Filter>Scintilla</Filter>
    </ClCompile>
    <ClCompile Include="BKEscintilla\src\MarginView.cpp">
      <Filter>Scintilla</Filter>
    </ClCompile>
    <ClCompile Include="BKEscintilla\src\PerLine.cpp">
      <Filter>Scintilla</Filter>
    </ClCompile>
    <ClCompile Include="BKEscintilla\Qt4Qt5\PlatQt.cpp">
      <Filter>Scintilla</Filter>
    </ClCompile>
    <ClCompile Include="BKEscintilla\src\PositionCache.cpp">
      <Filter>Scintilla</Filter>
    </ClCompile>
    <ClCompile Include="BKEscintilla\lexlib\PropSetSimple.cpp">
      <Filter>Scintilla</Filter>
    </ClCompile>
    <ClCompile Include="BKEscintilla\src\RESearch.cpp">
      <Filter>Scintilla</Filter>
    </ClCompile>
    <ClCompile Include="BKEscintilla\src\RunStyles.cpp">
      <Filter>Scintilla</Filter>
    </ClCompile>
    <ClCompile Include="BKEscintilla\Qt4Qt5\SciClasses.cpp">
      <Filter>Scintilla</Filter>
    </ClCompile>
    <ClCompile Include="BKEscintilla\src\ScintillaBase.cpp">
      <Filter>Scintilla</Filter>
    </ClCompile>
    <ClCompile Include="BKEscintilla\Qt4Qt5\ScintillaQt.cpp">
      <Filter>Scintilla</Filter>
    </ClCompile>
    <ClCompile Include="BKEscintilla\src\Style.cpp">
      <Filter>Scintilla</Filter>
    </ClCompile>
    <ClCompile Include="BKEscintilla\src\Selection.cpp">
      <Filter>Scintilla</Filter>
    </ClCompile>
    <ClCompile Include="BKEscintilla\lexlib\StyleContext.cpp">
      <Filter>Scintilla</Filter>
    </ClCompile>
    <ClCompile Include="BKEscintilla\src\UniConversion.cpp">
      <Filter>Scintilla</Filter>
    </ClCompile>
    <ClCompile Include="BKEscintilla\src\ViewStyle.cpp">
      <Filter>Scintilla</Filter>
    </ClCompile>
    <ClCompile Include="BKEscintilla\lexlib\WordList.cpp">
      <Filter>Scintilla</Filter>
    </ClCompile>
    <ClCompile Include="BKEscintilla\src\XPM.cpp">
      <Filter>Scintilla</Filter>
    </ClCompile>
    <ClCompile Include="CmdListLoader.cpp">
      <Filter>Source Files</Filter>
    </ClCompile>
    <ClCompile Include="QPinyin\ChineseToPinyinResource.cpp">
      <Filter>QPinyin</Filter>
    </ClCompile>
    <ClCompile Include="QPinyin\HanyuPinyinOutputFormat.cpp">
      <Filter>QPinyin</Filter>
    </ClCompile>
    <ClCompile Include="QPinyin\PinyinFormatter.cpp">
      <Filter>QPinyin</Filter>
    </ClCompile>
    <ClCompile Include="QPinyin\PinyinHelper.cpp">
      <Filter>QPinyin</Filter>
    </ClCompile>
    <ClCompile Include="QPinyin\ResourceHelper.cpp">
      <Filter>QPinyin</Filter>
    </ClCompile>
    <ClCompile Include="GeneratedFiles\qrc_res.cpp">
      <Filter>Generated Files</Filter>
    </ClCompile>
    <ClCompile Include="QFuzzyMatcher\score_match.cpp">
      <Filter>QFuzzyMatcher</Filter>
    </ClCompile>
    <ClCompile Include="dia\openlabeldialog.cpp">
      <Filter>Source Files</Filter>
    </ClCompile>
    <ClCompile Include="QFuzzyMatcher\QFuzzyMatcher.cpp">
      <Filter>QFuzzyMatcher</Filter>
    </ClCompile>
    <ClCompile Include="QPinyin\QPinyin.cpp">
      <Filter>QPinyin</Filter>
    </ClCompile>
    <ClCompile Include="dia\qnofocusitemdelegate.cpp">
      <Filter>Source Files</Filter>
    </ClCompile>
    <ClCompile Include="dia\gotofiledialog.cpp">
      <Filter>Source Files</Filter>
    </ClCompile>
    <ClCompile Include="Debug\moc_gotofiledialog.cpp">
      <Filter>Generated Files\Debug</Filter>
    </ClCompile>
    <ClCompile Include="Release\moc_gotofiledialog.cpp">
      <Filter>Generated Files\Release</Filter>
    </ClCompile>
    <ClCompile Include="Debug\moc_openlabeldialog.cpp">
      <Filter>Generated Files\Debug</Filter>
    </ClCompile>
    <ClCompile Include="Release\moc_openlabeldialog.cpp">
      <Filter>Generated Files\Release</Filter>
    </ClCompile>
    <ClCompile Include="Debug\moc_QSpoiler.cpp">
      <Filter>Generated Files\Debug</Filter>
    </ClCompile>
    <ClCompile Include="QSpoiler.cpp">
      <Filter>Source Files</Filter>
    </ClCompile>
    <ClCompile Include="Release\moc_QSpoiler.cpp">
      <Filter>Generated Files\Release</Filter>
    </ClCompile>
    <ClCompile Include="Debug\moc_autocompletelist.cpp">
      <Filter>Generated Files\Debug</Filter>
    </ClCompile>
    <ClCompile Include="Release\moc_autocompletelist.cpp">
      <Filter>Generated Files\Release</Filter>
    </ClCompile>
    <ClCompile Include="dia\autocompletelist.cpp">
      <Filter>Source Files</Filter>
    </ClCompile>
    <ClCompile Include="GeneratedFiles\qrc_source.cpp">
      <Filter>Generated Files</Filter>
    </ClCompile>
    <ClCompile Include="dia\ParserEditorUndoCommand.cpp">
      <Filter>Source Files</Filter>
    </ClCompile>
    <ClCompile Include="TinyProcess\process.cpp">
      <Filter>Source Files</Filter>
    </ClCompile>
    <ClCompile Include="TinyProcess\process_unix.cpp">
      <Filter>Source Files</Filter>
    </ClCompile>
    <ClCompile Include="TinyProcess\process_win.cpp">
      <Filter>Source Files</Filter>
    </ClCompile>
    <ClCompile Include="Debug\moc_DebugServer.cpp">
      <Filter>Generated Files\Debug</Filter>
    </ClCompile>
    <ClCompile Include="Release\moc_DebugServer.cpp">
      <Filter>Generated Files\Release</Filter>
    </ClCompile>
    <ClCompile Include="Debugger\DebugServer.cpp">
      <Filter>Debugger</Filter>
    </ClCompile>
    <ClCompile Include="ParserHelper\Bagel\Bagel_DCompiler.cpp">
      <Filter>Bagel</Filter>
    </ClCompile>
    <ClCompile Include="ParserHelper\Bagel\Bagel_Export.cpp">
      <Filter>Bagel</Filter>
    </ClCompile>
    <ClCompile Include="ParserHelper\Bagel\Bagel_GC.cpp">
      <Filter>Bagel</Filter>
    </ClCompile>
    <ClCompile Include="ParserHelper\Bagel\Bagel_Parser.cpp">
      <Filter>Bagel</Filter>
    </ClCompile>
    <ClCompile Include="ParserHelper\Bagel\Bagel_RCompiler.cpp">
      <Filter>Bagel</Filter>
    </ClCompile>
    <ClCompile Include="ParserHelper\Bagel\Bagel_Serializer.cpp">
      <Filter>Bagel</Filter>
    </ClCompile>
    <ClCompile Include="ParserHelper\Bagel\Bagel_String.cpp">
      <Filter>Bagel</Filter>
    </ClCompile>
    <ClCompile Include="ParserHelper\Bagel\Bagel_Utils.cpp">
      <Filter>Bagel</Filter>
    </ClCompile>
    <ClCompile Include="ParserHelper\Bagel\Bagel_Var.cpp">
      <Filter>Bagel</Filter>
    </ClCompile>
    <ClCompile Include="ParserHelper\Bagel\Bagel_Vcode.cpp">
      <Filter>Bagel</Filter>
    </ClCompile>
    <ClCompile Include="ParserHelper\Bagel\Bagel_VM.cpp">
      <Filter>Bagel</Filter>
    </ClCompile>
    <ClCompile Include="ParserHelper\Bagel\bkutf8.cpp">
      <Filter>Bagel</Filter>
    </ClCompile>
    <ClCompile Include="ParserHelper\Bagel\extend.cpp">
      <Filter>Bagel</Filter>
    </ClCompile>
    <ClCompile Include="ParserHelper\Bagel\poolmalloc.cpp">
      <Filter>Bagel</Filter>
    </ClCompile>
    <ClCompile Include="dia\bkespriteviewer.cpp">
      <Filter>Source Files</Filter>
    </ClCompile>
    <ClCompile Include="Debug\moc_bkespriteviewer.cpp">
      <Filter>Generated Files\Debug</Filter>
    </ClCompile>
    <ClCompile Include="Release\moc_bkespriteviewer.cpp">
      <Filter>Generated Files\Release</Filter>
    </ClCompile>
    <ClCompile Include="Debug\moc_QGraphicViewZoomer.cpp">
      <Filter>Generated Files\Debug</Filter>
    </ClCompile>
    <ClCompile Include="Release\moc_QGraphicViewZoomer.cpp">
      <Filter>Generated Files\Release</Filter>
    </ClCompile>
    <ClCompile Include="dia\QGraphicViewZoomer.cpp">
      <Filter>Source Files</Filter>
    </ClCompile>
    <ClCompile Include="Debug\moc_bkespriteviewerinfo.cpp">
      <Filter>Generated Files\Debug</Filter>
    </ClCompile>
    <ClCompile Include="Release\moc_bkespriteviewerinfo.cpp">
      <Filter>Generated Files\Release</Filter>
    </ClCompile>
    <ClCompile Include="dia\bkespriteviewerinfo.cpp">
      <Filter>Source Files</Filter>
    </ClCompile>
    <ClCompile Include="lz4\lz4.c">
      <Filter>lz4</Filter>
    </ClCompile>
    <ClCompile Include="lz4\lz4frame.c">
      <Filter>lz4</Filter>
    </ClCompile>
    <ClCompile Include="lz4\lz4hc.c">
      <Filter>lz4</Filter>
    </ClCompile>
    <ClCompile Include="lz4\xxhash.c">
      <Filter>lz4</Filter>
    </ClCompile>
  </ItemGroup>
  <ItemGroup>
    <ClInclude Include="BKEscintilla\lexlib\Accessor.h">
      <Filter>Header Files</Filter>
    </ClInclude>
    <ClInclude Include="BKEscintilla\src\AutoComplete.h">
      <Filter>Header Files</Filter>
    </ClInclude>
    <ClInclude Include="ParserHelper\parser\BKE_array.h">
      <Filter>Header Files</Filter>
    </ClInclude>
    <ClInclude Include="ParserHelper\parser\BKE_hash.hpp">
      <Filter>Header Files</Filter>
    </ClInclude>
    <ClInclude Include="ParserHelper\parser\BKE_number.h">
      <Filter>Header Files</Filter>
    </ClInclude>
    <ClInclude Include="ParserHelper\parser\BKE_string.h">
      <Filter>Header Files</Filter>
    </ClInclude>
    <ClInclude Include="ParserHelper\parser\BKE_variable.h">
      <Filter>Header Files</Filter>
    </ClInclude>
    <ClInclude Include="bkeSci\BkeIndicatorBase.h">
      <Filter>Header Files</Filter>
    </ClInclude>
    <ClInclude Include="BKEscintilla\src\CallTip.h">
      <Filter>Header Files</Filter>
    </ClInclude>
    <ClInclude Include="BKEscintilla\src\Catalogue.h">
      <Filter>Header Files</Filter>
    </ClInclude>
    <ClInclude Include="BKEscintilla\src\CellBuffer.h">
      <Filter>Header Files</Filter>
    </ClInclude>
    <ClInclude Include="BKEscintilla\src\CharClassify.h">
      <Filter>Header Files</Filter>
    </ClInclude>
    <ClInclude Include="BKEscintilla\lexlib\CharacterCategory.h">
      <Filter>Header Files</Filter>
    </ClInclude>
    <ClInclude Include="BKEscintilla\lexlib\CharacterSet.h">
      <Filter>Header Files</Filter>
    </ClInclude>
    <ClInclude Include="BKEscintilla\src\ContractionState.h">
      <Filter>Header Files</Filter>
    </ClInclude>
    <ClInclude Include="BKEscintilla\src\Decoration.h">
      <Filter>Header Files</Filter>
    </ClInclude>
    <ClInclude Include="BKEscintilla\src\Document.h">
      <Filter>Header Files</Filter>
    </ClInclude>
    <ClInclude Include="BKEscintilla\src\Editor.h">
      <Filter>Header Files</Filter>
    </ClInclude>
    <ClInclude Include="BKEscintilla\src\ExternalLexer.h">
      <Filter>Header Files</Filter>
    </ClInclude>
    <ClInclude Include="BKEscintilla\src\FontQuality.h">
      <Filter>Header Files</Filter>
    </ClInclude>
    <ClInclude Include="BKEscintilla\src\Indicator.h">
      <Filter>Header Files</Filter>
    </ClInclude>
    <ClInclude Include="BKEscintilla\src\KeyMap.h">
      <Filter>Header Files</Filter>
    </ClInclude>
    <ClInclude Include="BKEscintilla\lexlib\LexAccessor.h">
      <Filter>Header Files</Filter>
    </ClInclude>
    <ClInclude Include="BKEscintilla\lexlib\LexerBase.h">
      <Filter>Header Files</Filter>
    </ClInclude>
    <ClInclude Include="BKEscintilla\lexlib\LexerModule.h">
      <Filter>Header Files</Filter>
    </ClInclude>
    <ClInclude Include="BKEscintilla\lexlib\LexerNoExceptions.h">
      <Filter>Header Files</Filter>
    </ClInclude>
    <ClInclude Include="BKEscintilla\lexlib\LexerSimple.h">
      <Filter>Header Files</Filter>
    </ClInclude>
    <ClInclude Include="BKEscintilla\src\LineMarker.h">
      <Filter>Header Files</Filter>
    </ClInclude>
    <ClInclude Include="BKEscintilla\Qt4Qt5\ListBoxQt.h">
      <Filter>Header Files</Filter>
    </ClInclude>
    <ClInclude Include="BKEscintilla\lexlib\OptionSet.h">
      <Filter>Header Files</Filter>
    </ClInclude>
    <ClInclude Include="ParserHelper\ParserHelper.h">
      <Filter>Header Files</Filter>
    </ClInclude>
    <ClInclude Include="BKEscintilla\src\Partitioning.h">
      <Filter>Header Files</Filter>
    </ClInclude>
    <ClInclude Include="BKEscintilla\src\PerLine.h">
      <Filter>Header Files</Filter>
    </ClInclude>
    <ClInclude Include="BKEscintilla\src\PositionCache.h">
      <Filter>Header Files</Filter>
    </ClInclude>
    <ClInclude Include="BKEscintilla\lexlib\PropSetSimple.h">
      <Filter>Header Files</Filter>
    </ClInclude>
    <ClInclude Include="BKEscintilla\src\RESearch.h">
      <Filter>Header Files</Filter>
    </ClInclude>
    <ClInclude Include="BKEscintilla\src\RunStyles.h">
      <Filter>Header Files</Filter>
    </ClInclude>
    <ClInclude Include="BKEscintilla\src\SVector.h">
      <Filter>Header Files</Filter>
    </ClInclude>
    <CustomBuild Include="BKEscintilla\Qt4Qt5\SciClasses.h">
      <Filter>Header Files</Filter>
    </CustomBuild>
    <ClInclude Include="BKEscintilla\Qt4Qt5\SciNamespace.h">
      <Filter>Header Files</Filter>
    </ClInclude>
    <ClInclude Include="BKEscintilla\src\ScintillaBase.h">
      <Filter>Header Files</Filter>
    </ClInclude>
    <ClInclude Include="BKEscintilla\src\Selection.h">
      <Filter>Header Files</Filter>
    </ClInclude>
    <CustomBuild Include="dia\Setoptiondia.h">
      <Filter>Header Files</Filter>
    </CustomBuild>
    <ClInclude Include="BKEscintilla\lexlib\SparseState.h">
      <Filter>Header Files</Filter>
    </ClInclude>
    <ClInclude Include="BKEscintilla\src\SplitVector.h">
      <Filter>Header Files</Filter>
    </ClInclude>
    <ClInclude Include="BKEscintilla\src\Style.h">
      <Filter>Header Files</Filter>
    </ClInclude>
    <ClInclude Include="BKEscintilla\lexlib\StyleContext.h">
      <Filter>Header Files</Filter>
    </ClInclude>
    <ClInclude Include="BKEscintilla\lexlib\SubStyles.h">
      <Filter>Header Files</Filter>
    </ClInclude>
    <ClInclude Include="BKEscintilla\src\UniConversion.h">
      <Filter>Header Files</Filter>
    </ClInclude>
    <ClInclude Include="BKEscintilla\src\ViewStyle.h">
      <Filter>Header Files</Filter>
    </ClInclude>
    <CustomBuild Include="dia\WaitWindow.h">
      <Filter>Header Files</Filter>
    </CustomBuild>
    <ClInclude Include="BKEscintilla\lexlib\WordList.h">
      <Filter>Header Files</Filter>
    </ClInclude>
    <ClInclude Include="BKEscintilla\src\XPM.h">
      <Filter>Header Files</Filter>
    </ClInclude>
    <CustomBuild Include="bkeSci\bkecompile.h">
      <Filter>Header Files</Filter>
    </CustomBuild>
    <CustomBuild Include="dia\bkeconfigdialog.h">
      <Filter>Header Files</Filter>
    </CustomBuild>
    <CustomBuild Include="dia\bkeleftfilewidget.h">
      <Filter>Header Files</Filter>
    </CustomBuild>
    <ClInclude Include="bkeSci\bkemarks.h">
      <Filter>Header Files</Filter>
    </ClInclude>
    <ClInclude Include="bkeproject.h">
      <Filter>Header Files</Filter>
    </ClInclude>
    <CustomBuild Include="bkeprojectconfig.h">
      <Filter>Header Files</Filter>
    </CustomBuild>
    <CustomBuild Include="bkeSci\bkescintilla.h">
      <Filter>Header Files</Filter>
    </CustomBuild>
    <ClInclude Include="BKEscintilla\Qt4Qt5\bkestyle.h">
      <Filter>Header Files</Filter>
    </ClInclude>
    <CustomBuild Include="dia\cconfigdia.h">
      <Filter>Header Files</Filter>
    </CustomBuild>
    <CustomBuild Include="dia\cdiroption.h">
      <Filter>Header Files</Filter>
    </CustomBuild>
    <CustomBuild Include="codewindow.h">
      <Filter>Header Files</Filter>
    </CustomBuild>
    <CustomBuild Include="dia\cskinoption.h">
      <Filter>Header Files</Filter>
    </CustomBuild>
    <CustomBuild Include="dia\ctextedit.h">
      <Filter>Header Files</Filter>
    </CustomBuild>
    <ClInclude Include="ParserHelper\parser\defines.h">
      <Filter>Header Files</Filter>
    </ClInclude>
    <ClInclude Include="ParserHelper\parser\extend.h">
      <Filter>Header Files</Filter>
    </ClInclude>
    <ClInclude Include="function.h">
      <Filter>Header Files</Filter>
    </ClInclude>
    <CustomBuild Include="dia\lablesuredialog.h">
      <Filter>Header Files</Filter>
    </CustomBuild>
    <ClInclude Include="loli\loli_island.h">
      <Filter>Header Files</Filter>
    </ClInclude>
    <CustomBuild Include="mainwindow.h">
      <Filter>Header Files</Filter>
    </CustomBuild>
    <ClInclude Include="ParserHelper\parser\memorypool.h">
      <Filter>Header Files</Filter>
    </ClInclude>
    <CustomBuild Include="dia\newprodia.h">
      <Filter>Header Files</Filter>
    </CustomBuild>
    <CustomBuild Include="otherbasicwin.h">
      <Filter>Header Files</Filter>
    </CustomBuild>
    <CustomBuild Include="otherwindow.h">
      <Filter>Header Files</Filter>
    </CustomBuild>
    <ClInclude Include="ParserHelper\parser\parser.h">
      <Filter>Header Files</Filter>
    </ClInclude>
    <CustomBuild Include="projectwindow.h">
      <Filter>Header Files</Filter>
    </CustomBuild>
    <CustomBuild Include="BKEscintilla\Qt4Qt5\Qsci\qsciabstractapis.h">
      <Filter>Header Files</Filter>
    </CustomBuild>
    <CustomBuild Include="BKEscintilla\Qt4Qt5\Qsci\qsciapis.h">
      <Filter>Header Files</Filter>
    </CustomBuild>
    <ClInclude Include="BKEscintilla\Qt4Qt5\Qsci\qscicommand.h">
      <Filter>Header Files</Filter>
    </ClInclude>
    <ClInclude Include="BKEscintilla\Qt4Qt5\Qsci\qscicommandset.h">
      <Filter>Header Files</Filter>
    </ClInclude>
    <ClInclude Include="BKEscintilla\Qt4Qt5\Qsci\qscidocument.h">
      <Filter>Header Files</Filter>
    </ClInclude>
    <ClInclude Include="BKEscintilla\Qt4Qt5\Qsci\qsciglobal.h">
      <Filter>Header Files</Filter>
    </ClInclude>
    <CustomBuild Include="BKEscintilla\Qt4Qt5\Qsci\qscilexer.h">
      <Filter>Header Files</Filter>
    </CustomBuild>
    <CustomBuild Include="bkeSci\qscilexerbkescript.h">
      <Filter>Header Files</Filter>
    </CustomBuild>
    <CustomBuild Include="BKEscintilla\Qt4Qt5\Qsci\qscimacro.h">
      <Filter>Header Files</Filter>
    </CustomBuild>
    <CustomBuild Include="BKEscintilla\Qt4Qt5\Qsci\qsciscintilla.h">
      <Filter>Header Files</Filter>
    </CustomBuild>
    <CustomBuild Include="BKEscintilla\Qt4Qt5\Qsci\qsciscintillabase.h">
      <Filter>Header Files</Filter>
    </CustomBuild>
    <ClInclude Include="BKEscintilla\Qt4Qt5\Qsci\qscistyle.h">
      <Filter>Header Files</Filter>
    </ClInclude>
    <ClInclude Include="BKEscintilla\Qt4Qt5\Qsci\qscistyledtext.h">
      <Filter>Header Files</Filter>
    </ClInclude>
    <CustomBuild Include="dia\qsearchlineedit.h">
      <Filter>Header Files</Filter>
    </CustomBuild>
    <CustomBuild Include="dia\searchbox.h">
      <Filter>Header Files</Filter>
    </CustomBuild>
    <CustomBuild Include="topbarwindow.h">
      <Filter>Header Files</Filter>
    </CustomBuild>
    <ClInclude Include="ParserHelper\parser\utils.h">
      <Filter>Header Files</Filter>
    </ClInclude>
    <ClInclude Include="ParserHelper\parser\vcode.h">
      <Filter>Header Files</Filter>
    </ClInclude>
    <CustomBuild Include="dia\versioninfo.h">
      <Filter>Header Files</Filter>
    </CustomBuild>
    <ClInclude Include="weh.h">
      <Filter>Header Files</Filter>
    </ClInclude>
    <ClInclude Include="paper\wordsupport.h">
      <Filter>Header Files</Filter>
    </ClInclude>
    <ClInclude Include="dia\CommonSettingDia.h">
      <Filter>Header Files</Filter>
    </ClInclude>
    <ClInclude Include="BKS_info.h">
      <Filter>Header Files</Filter>
    </ClInclude>
    <ClInclude Include="ParseData.h">
      <Filter>Header Files</Filter>
    </ClInclude>
    <ClInclude Include="BKEscintilla\lexlib\StringCopy.h">
      <Filter>Header Files</Filter>
    </ClInclude>
    <ClInclude Include="BKEscintilla\include\ILexer.h">
      <Filter>Header Files</Filter>
    </ClInclude>
    <ClInclude Include="BKEscintilla\include\Platform.h">
      <Filter>Header Files</Filter>
    </ClInclude>
    <ClInclude Include="BKEscintilla\include\SciLexer.h">
      <Filter>Header Files</Filter>
    </ClInclude>
    <ClInclude Include="BKEscintilla\include\Scintilla.h">
      <Filter>Header Files</Filter>
    </ClInclude>
    <ClInclude Include="BKEscintilla\include\ScintillaWidget.h">
      <Filter>Header Files</Filter>
    </ClInclude>
    <ClInclude Include="BKEscintilla\src\CaseConvert.h">
      <Filter>Header Files</Filter>
    </ClInclude>
    <ClInclude Include="BKEscintilla\src\CaseFolder.h">
      <Filter>Header Files</Filter>
    </ClInclude>
    <ClInclude Include="BKEscintilla\src\EditModel.h">
      <Filter>Header Files</Filter>
    </ClInclude>
    <ClInclude Include="BKEscintilla\src\EditView.h">
      <Filter>Header Files</Filter>
    </ClInclude>
    <ClInclude Include="BKEscintilla\src\MarginView.h">
      <Filter>Header Files</Filter>
    </ClInclude>
    <ClInclude Include="BKEscintilla\src\UnicodeFromUTF8.h">
      <Filter>Header Files</Filter>
    </ClInclude>
    <ClInclude Include="dia\ParserEditorTreeItem.h">
      <Filter>Header Files</Filter>
    </ClInclude>
    <ClInclude Include="GeneratedFiles\ui_Setoptiondia.h">
      <Filter>Generated Files</Filter>
    </ClInclude>
    <ClInclude Include="GeneratedFiles\ui_WaitWindow.h">
      <Filter>Generated Files</Filter>
    </ClInclude>
    <ClInclude Include="GeneratedFiles\ui_bkeconfigdialog.h">
      <Filter>Generated Files</Filter>
    </ClInclude>
    <ClInclude Include="GeneratedFiles\ui_cdiroption.h">
      <Filter>Generated Files</Filter>
    </ClInclude>
    <ClInclude Include="GeneratedFiles\ui_cskinoption.h">
      <Filter>Generated Files</Filter>
    </ClInclude>
    <ClInclude Include="GeneratedFiles\ui_ctextedit.h">
      <Filter>Generated Files</Filter>
    </ClInclude>
    <ClInclude Include="GeneratedFiles\ui_qbkewizard.h">
      <Filter>Generated Files</Filter>
    </ClInclude>
    <ClInclude Include="GeneratedFiles\ui_versioninfo.h">
      <Filter>Generated Files</Filter>
    </ClInclude>
    <ClInclude Include="GeneratedFiles\ui_LangOpt.h">
      <Filter>Generated Files</Filter>
    </ClInclude>
    <ClInclude Include="GeneratedFiles\ui_GameProperty.h">
      <Filter>Generated Files</Filter>
    </ClInclude>
    <ClInclude Include="GeneratedFiles\ui_doubleinput.h">
      <Filter>Generated Files</Filter>
    </ClInclude>
    <ClInclude Include="GeneratedFiles\ui_ParserEditor.h">
      <Filter>Generated Files</Filter>
    </ClInclude>
    <ClInclude Include="EnumsComponent.h">
      <Filter>Header Files</Filter>
    </ClInclude>
    <ClInclude Include="ScriptEnums.h">
      <Filter>Header Files</Filter>
    </ClInclude>
    <ClInclude Include="CmdListLoader.h">
      <Filter>Header Files</Filter>
    </ClInclude>
    <ClInclude Include="QPinyin\ChineseToPinyinResource.h">
      <Filter>QPinyin</Filter>
    </ClInclude>
    <ClInclude Include="QPinyin\HanyuPinyinCaseType.h">
      <Filter>QPinyin</Filter>
    </ClInclude>
    <ClInclude Include="QPinyin\HanyuPinyinOutputFormat.h">
      <Filter>QPinyin</Filter>
    </ClInclude>
    <ClInclude Include="QPinyin\HanyuPinyinToneType.h">
      <Filter>QPinyin</Filter>
    </ClInclude>
    <ClInclude Include="QPinyin\HanyuPinyinVCharType.h">
      <Filter>QPinyin</Filter>
    </ClInclude>
    <ClInclude Include="QPinyin\pinyin4cpp_global.h">
      <Filter>QPinyin</Filter>
    </ClInclude>
    <ClInclude Include="QPinyin\PinyinFormatter.h">
      <Filter>QPinyin</Filter>
    </ClInclude>
    <ClInclude Include="QPinyin\PinyinHelper.h">
      <Filter>QPinyin</Filter>
    </ClInclude>
    <ClInclude Include="QPinyin\ResourceHelper.h">
      <Filter>QPinyin</Filter>
    </ClInclude>
    <ClInclude Include="QFuzzyMatcher\score_match.h">
      <Filter>QFuzzyMatcher</Filter>
    </ClInclude>
    <ClInclude Include="GeneratedFiles\ui_openlabeldialog.h">
      <Filter>Generated Files</Filter>
    </ClInclude>
    <ClInclude Include="QFuzzyMatcher\QFuzzyMatcher.h">
      <Filter>QFuzzyMatcher</Filter>
    </ClInclude>
    <ClInclude Include="QPinyin\QPinyin.h">
      <Filter>QPinyin</Filter>
    </ClInclude>
    <ClInclude Include="dia\qnofocusitemdelegate.h">
      <Filter>Header Files</Filter>
    </ClInclude>
    <ClInclude Include="GeneratedFiles\ui_gotofiledialog.h">
      <Filter>Generated Files</Filter>
    </ClInclude>
    <ClInclude Include="qsortedset.h">
      <Filter>Header Files</Filter>
    </ClInclude>
    <ClInclude Include="ScopePointer.h">
      <Filter>Header Files</Filter>
    </ClInclude>
    <ClInclude Include="GeneratedFiles\ui_autocompletelist.h">
      <Filter>Generated Files</Filter>
    </ClInclude>
    <ClInclude Include="dia\ParserEditorUndoCommand.h">
      <Filter>Header Files</Filter>
    </ClInclude>
    <ClInclude Include="Debugger\BreakpointInfo.h">
      <Filter>Debugger</Filter>
    </ClInclude>
    <ClInclude Include="ParserHelper\Bagel\Bagel_Config.h">
      <Filter>Bagel</Filter>
    </ClInclude>
    <ClInclude Include="ParserHelper\Bagel\Bagel_DCompiler.h">
      <Filter>Bagel</Filter>
    </ClInclude>
    <ClInclude Include="ParserHelper\Bagel\Bagel_GC.h">
      <Filter>Bagel</Filter>
    </ClInclude>
    <ClInclude Include="ParserHelper\Bagel\Bagel_Include.h">
      <Filter>Bagel</Filter>
    </ClInclude>
    <ClInclude Include="ParserHelper\Bagel\Bagel_Number.h">
      <Filter>Bagel</Filter>
    </ClInclude>
    <ClInclude Include="ParserHelper\Bagel\Bagel_Parser.h">
      <Filter>Bagel</Filter>
    </ClInclude>
    <ClInclude Include="ParserHelper\Bagel\Bagel_RCompiler.h">
      <Filter>Bagel</Filter>
    </ClInclude>
    <ClInclude Include="ParserHelper\Bagel\Bagel_Serializer.h">
      <Filter>Bagel</Filter>
    </ClInclude>
    <ClInclude Include="ParserHelper\Bagel\Bagel_String.h">
      <Filter>Bagel</Filter>
    </ClInclude>
    <ClInclude Include="ParserHelper\Bagel\Bagel_Utils.h">
      <Filter>Bagel</Filter>
    </ClInclude>
    <ClInclude Include="ParserHelper\Bagel\Bagel_Var.h">
      <Filter>Bagel</Filter>
    </ClInclude>
    <ClInclude Include="ParserHelper\Bagel\Bagel_Vcode.h">
      <Filter>Bagel</Filter>
    </ClInclude>
    <ClInclude Include="ParserHelper\Bagel\Bagel_VM.h">
      <Filter>Bagel</Filter>
    </ClInclude>
    <ClInclude Include="ParserHelper\Bagel\BKE_array.h">
      <Filter>Bagel</Filter>
    </ClInclude>
    <ClInclude Include="ParserHelper\Bagel\BKE_hash.hpp">
      <Filter>Bagel</Filter>
    </ClInclude>
    <ClInclude Include="ParserHelper\Bagel\bkutf8.h">
      <Filter>Bagel</Filter>
    </ClInclude>
    <ClInclude Include="ParserHelper\Bagel\extend.h">
      <Filter>Bagel</Filter>
    </ClInclude>
    <ClInclude Include="ParserHelper\Bagel\memorypool.h">
      <Filter>Bagel</Filter>
    </ClInclude>
    <ClInclude Include="ParserHelper\Bagel\poolmalloc.h">
      <Filter>Bagel</Filter>
    </ClInclude>
    <ClInclude Include="ParserHelper\Bagel\stack_allocator.h">
      <Filter>Bagel</Filter>
    </ClInclude>
    <ClInclude Include="GeneratedFiles\ui_bkespriteviewer.h">
      <Filter>Generated Files</Filter>
    </ClInclude>
    <ClInclude Include="GeneratedFiles\ui_bkespriteviewerinfo.h">
      <Filter>Generated Files</Filter>
    </ClInclude>
    <ClInclude Include="lz4\lz4.h">
      <Filter>lz4</Filter>
    </ClInclude>
    <ClInclude Include="lz4\lz4frame.h">
      <Filter>lz4</Filter>
    </ClInclude>
    <ClInclude Include="lz4\lz4frame_static.h">
      <Filter>lz4</Filter>
    </ClInclude>
    <ClInclude Include="lz4\lz4hc.h">
      <Filter>lz4</Filter>
    </ClInclude>
    <ClInclude Include="lz4\xxhash.h">
      <Filter>lz4</Filter>
    </ClInclude>
  </ItemGroup>
  <ItemGroup>
    <CustomBuild Include="dia\Setoptiondia.ui">
      <Filter>Form Files</Filter>
    </CustomBuild>
    <CustomBuild Include="dia\WaitWindow.ui">
      <Filter>Form Files</Filter>
    </CustomBuild>
    <CustomBuild Include="dia\bkeconfigdialog.ui">
      <Filter>Form Files</Filter>
    </CustomBuild>
    <CustomBuild Include="dia\cdiroption.ui">
      <Filter>Form Files</Filter>
    </CustomBuild>
    <CustomBuild Include="dia\cskinoption.ui">
      <Filter>Form Files</Filter>
    </CustomBuild>
    <CustomBuild Include="dia\ctextedit.ui">
      <Filter>Form Files</Filter>
    </CustomBuild>
    <CustomBuild Include="dia\wizard\qbkewizard.ui">
      <Filter>Form Files</Filter>
    </CustomBuild>
    <CustomBuild Include="dia\versioninfo.ui">
      <Filter>Form Files</Filter>
    </CustomBuild>
    <CustomBuild Include="dia\LangOpt.h">
      <Filter>Header Files</Filter>
    </CustomBuild>
    <CustomBuild Include="dia\LangOpt.ui">
      <Filter>Form Files</Filter>
    </CustomBuild>
    <CustomBuild Include="dia\GameProperty.h">
      <Filter>Header Files</Filter>
    </CustomBuild>
    <CustomBuild Include="dia\GameProperty.ui">
      <Filter>Form Files</Filter>
    </CustomBuild>
    <CustomBuild Include="dia\doubleinput.ui">
      <Filter>Form Files</Filter>
    </CustomBuild>
    <CustomBuild Include="dia\doubleinput.h">
      <Filter>Header Files</Filter>
    </CustomBuild>
    <CustomBuild Include="BG_Analysis.h">
      <Filter>Header Files</Filter>
    </CustomBuild>
    <CustomBuild Include="BKEscintilla\Qt4Qt5\ScintillaQt.h">
      <Filter>Header Files</Filter>
    </CustomBuild>
    <CustomBuild Include="dia\ParserEditor.h">
      <Filter>Header Files</Filter>
    </CustomBuild>
    <CustomBuild Include="dia\ParserEditor.ui">
      <Filter>Form Files</Filter>
    </CustomBuild>
    <CustomBuild Include="dia\ParserEditorTreeModel.h">
      <Filter>Header Files</Filter>
    </CustomBuild>
    <CustomBuild Include="QPinyin\res.qrc">
      <Filter>Resource Files</Filter>
    </CustomBuild>
    <CustomBuild Include="dia\openlabeldialog.ui">
      <Filter>Form Files</Filter>
    </CustomBuild>
    <CustomBuild Include="dia\gotofiledialog.ui">
      <Filter>Form Files</Filter>
    </CustomBuild>
    <CustomBuild Include="dia\gotofiledialog.h">
      <Filter>Header Files</Filter>
    </CustomBuild>
    <CustomBuild Include="dia\openlabeldialog.h">
      <Filter>Header Files</Filter>
    </CustomBuild>
    <CustomBuild Include="QSpoiler.h">
      <Filter>Header Files</Filter>
    </CustomBuild>
    <CustomBuild Include="dia\autocompletelist.h">
      <Filter>Header Files</Filter>
    </CustomBuild>
    <CustomBuild Include="dia\autocompletelist.ui">
      <Filter>Form Files</Filter>
    </CustomBuild>
    <CustomBuild Include="source\source.qrc">
      <Filter>Resource Files</Filter>
    </CustomBuild>
    <CustomBuild Include="Debugger\DebugServer.h">
      <Filter>Debugger</Filter>
    </CustomBuild>
    <CustomBuild Include="dia\bkespriteviewer.ui">
      <Filter>Form Files</Filter>
    </CustomBuild>
    <CustomBuild Include="dia\bkespriteviewer.h">
      <Filter>Header Files</Filter>
    </CustomBuild>
    <CustomBuild Include="dia\QGraphicViewZoomer.h">
      <Filter>Header Files</Filter>
    </CustomBuild>
    <CustomBuild Include="dia\bkespriteviewerinfo.ui">
      <Filter>Form Files</Filter>
    </CustomBuild>
    <CustomBuild Include="dia\bkespriteviewerinfo.h">
      <Filter>Header Files</Filter>
    </CustomBuild>
  </ItemGroup>
  <ItemGroup>
    <None Include="source\728.GIF">
      <Filter>Resource Files</Filter>
    </None>
    <None Include="source\Bookmark.png">
      <Filter>Resource Files</Filter>
    </None>
    <None Include="source\Bookmarksmall.png">
      <Filter>Resource Files</Filter>
    </None>
    <None Include="source\alert.png">
      <Filter>Resource Files</Filter>
    </None>
    <None Include="source\auto_diction.png">
      <Filter>Resource Files</Filter>
    </None>
    <None Include="source\auto_funcotin.png">
      <Filter>Resource Files</Filter>
    </None>
    <None Include="source\auto_key.png">
      <Filter>Resource Files</Filter>
    </None>
    <None Include="source\auto_math.png">
      <Filter>Resource Files</Filter>
    </None>
    <None Include="source\auto_nomal.png">
      <Filter>Resource Files</Filter>
    </None>
    <None Include="source\bianji.png">
      <Filter>Resource Files</Filter>
    </None>
    <None Include="source\bksdoc.png">
      <Filter>Resource Files</Filter>
    </None>
    <None Include="source\bksfile.png">
      <Filter>Resource Files</Filter>
    </None>
    <None Include="source\btnlast.png">
      <Filter>Resource Files</Filter>
    </None>
    <None Include="source\btnnext.png">
      <Filter>Resource Files</Filter>
    </None>
    <None Include="source\check_big.png">
      <Filter>Resource Files</Filter>
    </None>
    <None Include="source\clear.png">
      <Filter>Resource Files</Filter>
    </None>
    <None Include="source\close.png">
      <Filter>Resource Files</Filter>
    </None>
    <None Include="source\close2.png">
      <Filter>Resource Files</Filter>
    </None>
    <None Include="source\code.png">
      <Filter>Resource Files</Filter>
    </None>
    <None Include="source\column.png">
      <Filter>Resource Files</Filter>
    </None>
    <None Include="source\compile.png">
      <Filter>Resource Files</Filter>
    </None>
    <None Include="source\compile_run.png">
      <Filter>Resource Files</Filter>
    </None>
    <None Include="source\copy.png">
      <Filter>Resource Files</Filter>
    </None>
    <None Include="source\database.png">
      <Filter>Resource Files</Filter>
    </None>
    <None Include="source\debug.png">
      <Filter>Resource Files</Filter>
    </None>
    <None Include="source\doc.png">
      <Filter>Resource Files</Filter>
    </None>
    <None Include="source\edit_cut.png">
      <Filter>Resource Files</Filter>
    </None>
    <None Include="source\error.png">
      <Filter>Resource Files</Filter>
    </None>
    <None Include="source\error_big.png">
      <Filter>Resource Files</Filter>
    </None>
    <None Include="source\errorsmall.png">
      <Filter>Resource Files</Filter>
    </None>
    <None Include="source\file.png">
      <Filter>Resource Files</Filter>
    </None>
    <None Include="source\find.png">
      <Filter>Resource Files</Filter>
    </None>
    <None Include="source\flay.png">
      <Filter>Resource Files</Filter>
    </None>
    <None Include="source\hiddenleft.png">
      <Filter>Resource Files</Filter>
    </None>
    <None Include="source\image.png">
      <Filter>Resource Files</Filter>
    </None>
    <None Include="source\import.png">
      <Filter>Resource Files</Filter>
    </None>
    <None Include="source\movie.png">
      <Filter>Resource Files</Filter>
    </None>
    <None Include="source\music.png">
      <Filter>Resource Files</Filter>
    </None>
    <None Include="source\newfile.png">
      <Filter>Resource Files</Filter>
    </None>
    <None Include="source\newproject.png">
      <Filter>Resource Files</Filter>
    </None>
    <None Include="source\open_file.png">
      <Filter>Resource Files</Filter>
    </None>
    <None Include="source\openfile.png">
      <Filter>Resource Files</Filter>
    </None>
    <None Include="source\paste.png">
      <Filter>Resource Files</Filter>
    </None>
    <None Include="source\pin.png">
      <Filter>Resource Files</Filter>
    </None>
    <None Include="source\pinsmall.png">
      <Filter>Resource Files</Filter>
    </None>
    <None Include="source\product-design.png">
      <Filter>Resource Files</Filter>
    </None>
    <None Include="source\redo.png">
      <Filter>Resource Files</Filter>
    </None>
    <None Include="source\replace(2).png">
      <Filter>Resource Files</Filter>
    </None>
    <None Include="source\run.png">
      <Filter>Resource Files</Filter>
    </None>
    <None Include="source\save.png">
      <Filter>Resource Files</Filter>
    </None>
    <None Include="source\saveas.png">
      <Filter>Resource Files</Filter>
    </None>
    <None Include="source\search1.png">
      <Filter>Resource Files</Filter>
    </None>
    <None Include="source\sourcedoc.png">
      <Filter>Resource Files</Filter>
    </None>
    <None Include="source\terminal.png">
      <Filter>Resource Files</Filter>
    </None>
    <None Include="source\textarea.png">
      <Filter>Resource Files</Filter>
    </None>
    <None Include="source\undo.png">
      <Filter>Resource Files</Filter>
    </None>
    <None Include="source\wainningsmall.png">
      <Filter>Resource Files</Filter>
    </None>
    <None Include="QPinyin\pinyin.txt.compress">
      <Filter>Resource Files</Filter>
    </None>
    <None Include="QSortedSet">
      <Filter>Header Files</Filter>
    </None>
  </ItemGroup>
  <ItemGroup>
    <None Include="bkeico.ico">
      <Filter>Distribution Files</Filter>
    </None>
  </ItemGroup>
  <ItemGroup>
    <ResourceCompile Include="ico.rc" />
  </ItemGroup>
  <ItemGroup>
    <Image Include="source\+.png">
      <Filter>Resource Files</Filter>
    </Image>
    <Image Include="source\edit.png">
      <Filter>Resource Files</Filter>
    </Image>
    <Image Include="source\x.png">
      <Filter>Resource Files</Filter>
    </Image>
    <Image Include="source\close2%402x.png">
      <Filter>Resource Files</Filter>
    </Image>
    <Image Include="source\column%402x.png">
      <Filter>Resource Files</Filter>
    </Image>
    <Image Include="source\hiddenleft%402x.png">
      <Filter>Resource Files</Filter>
    </Image>
    <Image Include="source\btnlast%402x.png">
      <Filter>Resource Files</Filter>
    </Image>
    <Image Include="source\btnnext%402x.png">
      <Filter>Resource Files</Filter>
    </Image>
    <Image Include="source\clear%402x.png">
      <Filter>Resource Files</Filter>
    </Image>
    <Image Include="source\compile%402x.png">
      <Filter>Resource Files</Filter>
    </Image>
    <Image Include="source\compile_run%402x.png">
      <Filter>Resource Files</Filter>
    </Image>
    <Image Include="source\debug%402x.png">
      <Filter>Resource Files</Filter>
    </Image>
    <Image Include="source\replace(2)%402x.png">
      <Filter>Resource Files</Filter>
    </Image>
    <Image Include="source\run%402x.png">
      <Filter>Resource Files</Filter>
    </Image>
    <Image Include="source\save%402x.png">
      <Filter>Resource Files</Filter>
    </Image>
    <Image Include="source\saveas%402x.png">
      <Filter>Resource Files</Filter>
    </Image>
    <Image Include="source\code%402x.png">
      <Filter>Resource Files</Filter>
    </Image>
    <Image Include="source\redo%402x.png">
      <Filter>Resource Files</Filter>
    </Image>
    <Image Include="source\undo%402x.png">
      <Filter>Resource Files</Filter>
    </Image>
    <Image Include="source\edit_cut%402x.png">
      <Filter>Resource Files</Filter>
    </Image>
    <Image Include="source\log.png">
      <Filter>Resource Files</Filter>
    </Image>
    <Image Include="source\warningsmall.png">
      <Filter>Resource Files</Filter>
    </Image>
    <Image Include="source\auto_normal.png">
      <Filter>Resource Files</Filter>
    </Image>
    <Image Include="source\auto_function.png">
      <Filter>Resource Files</Filter>
    </Image>
    <Image Include="source\hint.png">
      <Filter>Resource Files</Filter>
    </Image>
    <Image Include="source\branch-end.png">
      <Filter>Resource Files</Filter>
    </Image>
    <Image Include="source\branch-closed.png">
      <Filter>Resource Files</Filter>
    </Image>
    <Image Include="source\branch-more.png">
      <Filter>Resource Files</Filter>
    </Image>
    <Image Include="source\branch-open.png">
      <Filter>Resource Files</Filter>
    </Image>
    <Image Include="source\branch-vline.png">
      <Filter>Resource Files</Filter>
    </Image>
  </ItemGroup>
  <ItemGroup>
    <Natvis Include="ParserHelper\Bagel\Bagel.natvis" />
  </ItemGroup>
</Project>