
Microsoft Visual Studio Solution File, Format Version 12.00
# Visual Studio 14
VisualStudioVersion = 14.0.25420.1
MinimumVisualStudioVersion = 10.0.40219.1
Project("{8BC9CEB8-8B4A-11D0-8D11-00A0C91BC942}") = "BKE_creator_static_qsci", "BKE_creator_static_qsci.vcxproj", "{5E15C268-65A9-3AD8-887F-7E1741CE0F29}"
EndProject
Project("{FAE04EC0-301F-11D3-BF4B-00C04F79EFBC}") = "Updater", "Updater\Updater\Updater.csproj", "{47CA6CBC-4AEC-4415-8A37-14F80C295C6D}"
EndProject
Project("{FAE04EC0-301F-11D3-BF4B-00C04F79EFBC}") = "UpdateReleaser", "UpdateReleaser\UpdateReleaser\UpdateReleaser.csproj", "{F1B04D2B-2AE2-4D94-9E5A-AB23ACD9FF2C}"
EndProject
Project("{8BC9CEB8-8B4A-11D0-8D11-00A0C91BC942}") = "FileAssociation", "FileAssociation\FileAssociation.vcxproj", "{E2824C5A-FC6E-45D8-B534-9ADFAF12D47E}"
EndProject
Global
	GlobalSection(SolutionConfigurationPlatforms) = preSolution
		Debug_Release|Any CPU = Debug_Release|Any CPU
		Debug_Release|Mixed Platforms = Debug_Release|Mixed Platforms
		Debug_Release|Win32 = Debug_Release|Win32
		Debug_Release|x64 = Debug_Release|x64
		Debug|Any CPU = Debug|Any CPU
		Debug|Mixed Platforms = Debug|Mixed Platforms
		Debug|Win32 = Debug|Win32
		Debug|x64 = Debug|x64
		Release|Any CPU = Release|Any CPU
		Release|Mixed Platforms = Release|Mixed Platforms
		Release|Win32 = Release|Win32
		Release|x64 = Release|x64
	EndGlobalSection
	GlobalSection(ProjectConfigurationPlatforms) = postSolution
		{5E15C268-65A9-3AD8-887F-7E1741CE0F29}.Debug_Release|Any CPU.ActiveCfg = Release|Win32
		{5E15C268-65A9-3AD8-887F-7E1741CE0F29}.Debug_Release|Any CPU.Build.0 = Release|Win32
		{5E15C268-65A9-3AD8-887F-7E1741CE0F29}.Debug_Release|Mixed Platforms.ActiveCfg = Release|Win32
		{5E15C268-65A9-3AD8-887F-7E1741CE0F29}.Debug_Release|Mixed Platforms.Build.0 = Release|Win32
		{5E15C268-65A9-3AD8-887F-7E1741CE0F29}.Debug_Release|Win32.ActiveCfg = Release|Win32
		{5E15C268-65A9-3AD8-887F-7E1741CE0F29}.Debug_Release|Win32.Build.0 = Release|Win32
		{5E15C268-65A9-3AD8-887F-7E1741CE0F29}.Debug_Release|x64.ActiveCfg = Debug|Win32
		{5E15C268-65A9-3AD8-887F-7E1741CE0F29}.Debug_Release|x64.Build.0 = Debug|Win32
		{5E15C268-65A9-3AD8-887F-7E1741CE0F29}.Debug|Any CPU.ActiveCfg = Debug|Win32
		{5E15C268-65A9-3AD8-887F-7E1741CE0F29}.Debug|Any CPU.Build.0 = Debug|Win32
		{5E15C268-65A9-3AD8-887F-7E1741CE0F29}.Debug|Mixed Platforms.ActiveCfg = Debug|Win32
		{5E15C268-65A9-3AD8-887F-7E1741CE0F29}.Debug|Mixed Platforms.Build.0 = Debug|Win32
		{5E15C268-65A9-3AD8-887F-7E1741CE0F29}.Debug|Win32.ActiveCfg = Debug|Win32
		{5E15C268-65A9-3AD8-887F-7E1741CE0F29}.Debug|Win32.Build.0 = Debug|Win32
		{5E15C268-65A9-3AD8-887F-7E1741CE0F29}.Debug|x64.ActiveCfg = Debug|Win32
		{5E15C268-65A9-3AD8-887F-7E1741CE0F29}.Release|Any CPU.ActiveCfg = Release|Win32
		{5E15C268-65A9-3AD8-887F-7E1741CE0F29}.Release|Any CPU.Build.0 = Release|Win32
		{5E15C268-65A9-3AD8-887F-7E1741CE0F29}.Release|Mixed Platforms.ActiveCfg = Release|Win32
		{5E15C268-65A9-3AD8-887F-7E1741CE0F29}.Release|Mixed Platforms.Build.0 = Release|Win32
		{5E15C268-65A9-3AD8-887F-7E1741CE0F29}.Release|Win32.ActiveCfg = Release|Win32
		{5E15C268-65A9-3AD8-887F-7E1741CE0F29}.Release|Win32.Build.0 = Release|Win32
		{5E15C268-65A9-3AD8-887F-7E1741CE0F29}.Release|x64.ActiveCfg = Release|Win32
		{47CA6CBC-4AEC-4415-8A37-14F80C295C6D}.Debug_Release|Any CPU.ActiveCfg = Release|Any CPU
		{47CA6CBC-4AEC-4415-8A37-14F80C295C6D}.Debug_Release|Any CPU.Build.0 = Release|Any CPU
		{47CA6CBC-4AEC-4415-8A37-14F80C295C6D}.Debug_Release|Mixed Platforms.ActiveCfg = Release|Any CPU
		{47CA6CBC-4AEC-4415-8A37-14F80C295C6D}.Debug_Release|Mixed Platforms.Build.0 = Release|Any CPU
		{47CA6CBC-4AEC-4415-8A37-14F80C295C6D}.Debug_Release|Win32.ActiveCfg = Release|Any CPU
		{47CA6CBC-4AEC-4415-8A37-14F80C295C6D}.Debug_Release|Win32.Build.0 = Release|Any CPU
		{47CA6CBC-4AEC-4415-8A37-14F80C295C6D}.Debug_Release|x64.ActiveCfg = Release|Any CPU
		{47CA6CBC-4AEC-4415-8A37-14F80C295C6D}.Debug_Release|x64.Build.0 = Release|Any CPU
		{47CA6CBC-4AEC-4415-8A37-14F80C295C6D}.Debug|Any CPU.ActiveCfg = Debug|Any CPU
		{47CA6CBC-4AEC-4415-8A37-14F80C295C6D}.Debug|Any CPU.Build.0 = Debug|Any CPU
		{47CA6CBC-4AEC-4415-8A37-14F80C295C6D}.Debug|Mixed Platforms.ActiveCfg = Debug|Any CPU
		{47CA6CBC-4AEC-4415-8A37-14F80C295C6D}.Debug|Mixed Platforms.Build.0 = Debug|Any CPU
		{47CA6CBC-4AEC-4415-8A37-14F80C295C6D}.Debug|Win32.ActiveCfg = Debug|Any CPU
		{47CA6CBC-4AEC-4415-8A37-14F80C295C6D}.Debug|Win32.Build.0 = Debug|Any CPU
		{47CA6CBC-4AEC-4415-8A37-14F80C295C6D}.Debug|x64.ActiveCfg = Debug|Any CPU
		{47CA6CBC-4AEC-4415-8A37-14F80C295C6D}.Debug|x64.Build.0 = Debug|Any CPU
		{47CA6CBC-4AEC-4415-8A37-14F80C295C6D}.Release|Any CPU.ActiveCfg = Release|Any CPU
		{47CA6CBC-4AEC-4415-8A37-14F80C295C6D}.Release|Any CPU.Build.0 = Release|Any CPU
		{47CA6CBC-4AEC-4415-8A37-14F80C295C6D}.Release|Mixed Platforms.ActiveCfg = Release|Any CPU
		{47CA6CBC-4AEC-4415-8A37-14F80C295C6D}.Release|Mixed Platforms.Build.0 = Release|Any CPU
		{47CA6CBC-4AEC-4415-8A37-14F80C295C6D}.Release|Win32.ActiveCfg = Release|Any CPU
		{47CA6CBC-4AEC-4415-8A37-14F80C295C6D}.Release|Win32.Build.0 = Release|Any CPU
		{47CA6CBC-4AEC-4415-8A37-14F80C295C6D}.Release|x64.ActiveCfg = Release|Any CPU
		{47CA6CBC-4AEC-4415-8A37-14F80C295C6D}.Release|x64.Build.0 = Release|Any CPU
		{F1B04D2B-2AE2-4D94-9E5A-AB23ACD9FF2C}.Debug_Release|Any CPU.ActiveCfg = Release|Any CPU
		{F1B04D2B-2AE2-4D94-9E5A-AB23ACD9FF2C}.Debug_Release|Any CPU.Build.0 = Release|Any CPU
		{F1B04D2B-2AE2-4D94-9E5A-AB23ACD9FF2C}.Debug_Release|Mixed Platforms.ActiveCfg = Release|Any CPU
		{F1B04D2B-2AE2-4D94-9E5A-AB23ACD9FF2C}.Debug_Release|Mixed Platforms.Build.0 = Release|Any CPU
		{F1B04D2B-2AE2-4D94-9E5A-AB23ACD9FF2C}.Debug_Release|Win32.ActiveCfg = Release|Any CPU
		{F1B04D2B-2AE2-4D94-9E5A-AB23ACD9FF2C}.Debug_Release|Win32.Build.0 = Release|Any CPU
		{F1B04D2B-2AE2-4D94-9E5A-AB23ACD9FF2C}.Debug_Release|x64.ActiveCfg = Release|Any CPU
		{F1B04D2B-2AE2-4D94-9E5A-AB23ACD9FF2C}.Debug_Release|x64.Build.0 = Release|Any CPU
		{F1B04D2B-2AE2-4D94-9E5A-AB23ACD9FF2C}.Debug|Any CPU.ActiveCfg = Debug|Any CPU
		{F1B04D2B-2AE2-4D94-9E5A-AB23ACD9FF2C}.Debug|Any CPU.Build.0 = Debug|Any CPU
		{F1B04D2B-2AE2-4D94-9E5A-AB23ACD9FF2C}.Debug|Mixed Platforms.ActiveCfg = Debug|Any CPU
		{F1B04D2B-2AE2-4D94-9E5A-AB23ACD9FF2C}.Debug|Mixed Platforms.Build.0 = Debug|Any CPU
		{F1B04D2B-2AE2-4D94-9E5A-AB23ACD9FF2C}.Debug|Win32.ActiveCfg = Debug|Any CPU
		{F1B04D2B-2AE2-4D94-9E5A-AB23ACD9FF2C}.Debug|Win32.Build.0 = Debug|Any CPU
		{F1B04D2B-2AE2-4D94-9E5A-AB23ACD9FF2C}.Debug|x64.ActiveCfg = Debug|Any CPU
		{F1B04D2B-2AE2-4D94-9E5A-AB23ACD9FF2C}.Debug|x64.Build.0 = Debug|Any CPU
		{F1B04D2B-2AE2-4D94-9E5A-AB23ACD9FF2C}.Release|Any CPU.ActiveCfg = Release|Any CPU
		{F1B04D2B-2AE2-4D94-9E5A-AB23ACD9FF2C}.Release|Any CPU.Build.0 = Release|Any CPU
		{F1B04D2B-2AE2-4D94-9E5A-AB23ACD9FF2C}.Release|Mixed Platforms.ActiveCfg = Release|Any CPU
		{F1B04D2B-2AE2-4D94-9E5A-AB23ACD9FF2C}.Release|Mixed Platforms.Build.0 = Release|Any CPU
		{F1B04D2B-2AE2-4D94-9E5A-AB23ACD9FF2C}.Release|Win32.ActiveCfg = Release|Any CPU
		{F1B04D2B-2AE2-4D94-9E5A-AB23ACD9FF2C}.Release|Win32.Build.0 = Release|Any CPU
		{F1B04D2B-2AE2-4D94-9E5A-AB23ACD9FF2C}.Release|x64.ActiveCfg = Release|Any CPU
		{F1B04D2B-2AE2-4D94-9E5A-AB23ACD9FF2C}.Release|x64.Build.0 = Release|Any CPU
		{E2824C5A-FC6E-45D8-B534-9ADFAF12D47E}.Debug_Release|Any CPU.ActiveCfg = Release|x64
		{E2824C5A-FC6E-45D8-B534-9ADFAF12D47E}.Debug_Release|Any CPU.Build.0 = Release|x64
		{E2824C5A-FC6E-45D8-B534-9ADFAF12D47E}.Debug_Release|Mixed Platforms.ActiveCfg = Release|Win32
		{E2824C5A-FC6E-45D8-B534-9ADFAF12D47E}.Debug_Release|Mixed Platforms.Build.0 = Release|Win32
		{E2824C5A-FC6E-45D8-B534-9ADFAF12D47E}.Debug_Release|Win32.ActiveCfg = Release|Win32
		{E2824C5A-FC6E-45D8-B534-9ADFAF12D47E}.Debug_Release|Win32.Build.0 = Release|Win32
		{E2824C5A-FC6E-45D8-B534-9ADFAF12D47E}.Debug_Release|x64.ActiveCfg = Release|x64
		{E2824C5A-FC6E-45D8-B534-9ADFAF12D47E}.Debug_Release|x64.Build.0 = Release|x64
		{E2824C5A-FC6E-45D8-B534-9ADFAF12D47E}.Debug|Any CPU.ActiveCfg = Debug|Win32
		{E2824C5A-FC6E-45D8-B534-9ADFAF12D47E}.Debug|Mixed Platforms.ActiveCfg = Debug|Win32
		{E2824C5A-FC6E-45D8-B534-9ADFAF12D47E}.Debug|Mixed Platforms.Build.0 = Debug|Win32
		{E2824C5A-FC6E-45D8-B534-9ADFAF12D47E}.Debug|Win32.ActiveCfg = Debug|Win32
		{E2824C5A-FC6E-45D8-B534-9ADFAF12D47E}.Debug|Win32.Build.0 = Debug|Win32
		{E2824C5A-FC6E-45D8-B534-9ADFAF12D47E}.Debug|x64.ActiveCfg = Debug|x64
		{E2824C5A-FC6E-45D8-B534-9ADFAF12D47E}.Debug|x64.Build.0 = Debug|x64
		{E2824C5A-FC6E-45D8-B534-9ADFAF12D47E}.Release|Any CPU.ActiveCfg = Release|Win32
		{E2824C5A-FC6E-45D8-B534-9ADFAF12D47E}.Release|Mixed Platforms.ActiveCfg = Release|Win32
		{E2824C5A-FC6E-45D8-B534-9ADFAF12D47E}.Release|Mixed Platforms.Build.0 = Release|Win32
		{E2824C5A-FC6E-45D8-B534-9ADFAF12D47E}.Release|Win32.ActiveCfg = Release|Win32
		{E2824C5A-FC6E-45D8-B534-9ADFAF12D47E}.Release|Win32.Build.0 = Release|Win32
		{E2824C5A-FC6E-45D8-B534-9ADFAF12D47E}.Release|x64.ActiveCfg = Release|x64
		{E2824C5A-FC6E-45D8-B534-9ADFAF12D47E}.Release|x64.Build.0 = Release|x64
	EndGlobalSection
	GlobalSection(SolutionProperties) = preSolution
		HideSolutionNode = FALSE
	EndGlobalSection
EndGlobal
